
Microsoft Visual Studio Solution File, Format Version 12.00
# Visual Studio Version 17
VisualStudioVersion = 17.10.35027.167
MinimumVisualStudioVersion = 10.0.40219.1
Project("{FAE04EC0-301F-11D3-BF4B-00C04F79EFBC}") = "accapp001", "accapp001.csproj", "{E1EA2AE8-1346-4F32-9BD1-6B54E5E6ACF5}"
EndProject
Global
	GlobalSection(SolutionConfigurationPlatforms) = preSolution
		Debug|Any CPU = Debug|Any CPU
		Release|Any CPU = Release|Any CPU
	EndGlobalSection
	GlobalSection(ProjectConfigurationPlatforms) = postSolution
		{E1EA2AE8-1346-4F32-9BD1-6B54E5E6ACF5}.Debug|Any CPU.ActiveCfg = Debug|Any CPU
		{E1EA2AE8-1346-4F32-9BD1-6B54E5E6ACF5}.Debug|Any CPU.Build.0 = Debug|Any CPU
		{E1EA2AE8-1346-4F32-9BD1-6B54E5E6ACF5}.Release|Any CPU.ActiveCfg = Release|Any CPU
		{E1EA2AE8-1346-4F32-9BD1-6B54E5E6ACF5}.Release|Any CPU.Build.0 = Release|Any CPU
	EndGlobalSection
	GlobalSection(SolutionProperties) = preSolution
		HideSolutionNode = FALSE
	EndGlobalSection
	GlobalSection(ExtensibilityGlobals) = postSolution
		SolutionGuid = {50C94ABA-6035-4554-8C7D-80CDE4ACD473}
	EndGlobalSection
EndGlobal
